
Microsoft Visual Studio Solution File, Format Version 12.00
# Visual Studio Version 16
VisualStudioVersion = 16.0.31105.61
MinimumVisualStudioVersion = 10.0.40219.1
Project("{8BC9CEB8-8B4A-11D0-8D11-00A0C91BC942}") = "BibliotecaGUIObserver", "BibliotecaGUIObserver.vcxproj", "{BB49FD5D-46EA-40C6-9597-39A2D6EC9C56}"
EndProject
Global
	GlobalSection(SolutionConfigurationPlatforms) = preSolution
		Debug|x64 = Debug|x64
		Release|x64 = Release|x64
	EndGlobalSection
	GlobalSection(ProjectConfigurationPlatforms) = postSolution
		{BB49FD5D-46EA-40C6-9597-39A2D6EC9C56}.Debug|x64.ActiveCfg = Debug|x64
		{BB49FD5D-46EA-40C6-9597-39A2D6EC9C56}.Debug|x64.Build.0 = Debug|x64
		{BB49FD5D-46EA-40C6-9597-39A2D6EC9C56}.Release|x64.ActiveCfg = Release|x64
		{BB49FD5D-46EA-40C6-9597-39A2D6EC9C56}.Release|x64.Build.0 = Release|x64
	EndGlobalSection
	GlobalSection(SolutionProperties) = preSolution
		HideSolutionNode = FALSE
	EndGlobalSection
	GlobalSection(ExtensibilityGlobals) = postSolution
		SolutionGuid = {D2B90195-3FA8-4880-8F7E-B5C92CDF414C}
	EndGlobalSection
EndGlobal
